// !$*UTF8*$!
{
	archiveVersion = 1;
	classes = {
	};
	objectVersion = 56;
	objects = {

/* Begin PBXBuildFile section */
		78F6C869290F098E002012DC /* TricksyApp.swift in Sources */ = {isa = PBXBuildFile; fileRef = 78F6C868290F098E002012DC /* TricksyApp.swift */; };
		78F6C86D290F0990002012DC /* Assets.xcassets in Resources */ = {isa = PBXBuildFile; fileRef = 78F6C86C290F0990002012DC /* Assets.xcassets */; };
		78F6C870290F0990002012DC /* Preview Assets.xcassets in Resources */ = {isa = PBXBuildFile; fileRef = 78F6C86F290F0990002012DC /* Preview Assets.xcassets */; };
		78F6C87B290F0B24002012DC /* TreatViewModel.swift in Sources */ = {isa = PBXBuildFile; fileRef = 78F6C87A290F0B24002012DC /* TreatViewModel.swift */; };
		78F6C87D290F0B3E002012DC /* TreatView.swift in Sources */ = {isa = PBXBuildFile; fileRef = 78F6C87C290F0B3E002012DC /* TreatView.swift */; };
		78F6C881290F0B9F002012DC /* ButtonComponents.swift in Sources */ = {isa = PBXBuildFile; fileRef = 78F6C880290F0B9F002012DC /* ButtonComponents.swift */; };
		78F6C883290F0BD5002012DC /* ColorComponents.swift in Sources */ = {isa = PBXBuildFile; fileRef = 78F6C882290F0BD5002012DC /* ColorComponents.swift */; };
		78F6C886290F11F3002012DC /* Creepster-Regular.ttf in Resources */ = {isa = PBXBuildFile; fileRef = 78F6C885290F11F3002012DC /* Creepster-Regular.ttf */; };
		78F6C889290F1281002012DC /* FontComponents.swift in Sources */ = {isa = PBXBuildFile; fileRef = 78F6C888290F1281002012DC /* FontComponents.swift */; };
		78F6C88C290F13FC002012DC /* HapticsManager.swift in Sources */ = {isa = PBXBuildFile; fileRef = 78F6C88B290F13FC002012DC /* HapticsManager.swift */; };
/* End PBXBuildFile section */

/* Begin PBXFileReference section */
		78F6C865290F098E002012DC /* Tricksy.app */ = {isa = PBXFileReference; explicitFileType = wrapper.application; includeInIndex = 0; path = Tricksy.app; sourceTree = BUILT_PRODUCTS_DIR; };
		78F6C868290F098E002012DC /* TricksyApp.swift */ = {isa = PBXFileReference; lastKnownFileType = sourcecode.swift; path = TricksyApp.swift; sourceTree = "<group>"; };
		78F6C86C290F0990002012DC /* Assets.xcassets */ = {isa = PBXFileReference; lastKnownFileType = folder.assetcatalog; path = Assets.xcassets; sourceTree = "<group>"; };
		78F6C86F290F0990002012DC /* Preview Assets.xcassets */ = {isa = PBXFileReference; lastKnownFileType = folder.assetcatalog; path = "Preview Assets.xcassets"; sourceTree = "<group>"; };
		78F6C87A290F0B24002012DC /* TreatViewModel.swift */ = {isa = PBXFileReference; lastKnownFileType = sourcecode.swift; path = TreatViewModel.swift; sourceTree = "<group>"; };
		78F6C87C290F0B3E002012DC /* TreatView.swift */ = {isa = PBXFileReference; lastKnownFileType = sourcecode.swift; path = TreatView.swift; sourceTree = "<group>"; };
		78F6C880290F0B9F002012DC /* ButtonComponents.swift */ = {isa = PBXFileReference; lastKnownFileType = sourcecode.swift; path = ButtonComponents.swift; sourceTree = "<group>"; };
		78F6C882290F0BD5002012DC /* ColorComponents.swift */ = {isa = PBXFileReference; lastKnownFileType = sourcecode.swift; path = ColorComponents.swift; sourceTree = "<group>"; };
		78F6C885290F11F3002012DC /* Creepster-Regular.ttf */ = {isa = PBXFileReference; lastKnownFileType = file; path = "Creepster-Regular.ttf"; sourceTree = "<group>"; };
		78F6C887290F120D002012DC /* Info.plist */ = {isa = PBXFileReference; lastKnownFileType = text.plist; path = Info.plist; sourceTree = "<group>"; };
		78F6C888290F1281002012DC /* FontComponents.swift */ = {isa = PBXFileReference; lastKnownFileType = sourcecode.swift; path = FontComponents.swift; sourceTree = "<group>"; };
		78F6C88B290F13FC002012DC /* HapticsManager.swift */ = {isa = PBXFileReference; lastKnownFileType = sourcecode.swift; path = HapticsManager.swift; sourceTree = "<group>"; };
/* End PBXFileReference section */

/* Begin PBXFrameworksBuildPhase section */
		78F6C862290F098E002012DC /* Frameworks */ = {
			isa = PBXFrameworksBuildPhase;
			buildActionMask = 2147483647;
			files = (
			);
			runOnlyForDeploymentPostprocessing = 0;
		};
/* End PBXFrameworksBuildPhase section */

/* Begin PBXGroup section */
		78F6C85C290F098E002012DC = {
			isa = PBXGroup;
			children = (
				78F6C867290F098E002012DC /* Tricksy */,
				78F6C866290F098E002012DC /* Products */,
			);
			sourceTree = "<group>";
		};
		78F6C866290F098E002012DC /* Products */ = {
			isa = PBXGroup;
			children = (
				78F6C865290F098E002012DC /* Tricksy.app */,
			);
			name = Products;
			sourceTree = "<group>";
		};
		78F6C867290F098E002012DC /* Tricksy */ = {
			isa = PBXGroup;
			children = (
				78F6C887290F120D002012DC /* Info.plist */,
				78F6C877290F09C3002012DC /* App */,
				78F6C878290F09D2002012DC /* Modules */,
				78F6C87E290F0B6C002012DC /* Components */,
				78F6C876290F09AD002012DC /* Resources */,
			);
			path = Tricksy;
			sourceTree = "<group>";
		};
		78F6C86E290F0990002012DC /* Preview Content */ = {
			isa = PBXGroup;
			children = (
				78F6C86F290F0990002012DC /* Preview Assets.xcassets */,
			);
			path = "Preview Content";
			sourceTree = "<group>";
		};
		78F6C876290F09AD002012DC /* Resources */ = {
			isa = PBXGroup;
			children = (
				78F6C884290F11EA002012DC /* Fonts */,
				78F6C86C290F0990002012DC /* Assets.xcassets */,
				78F6C86E290F0990002012DC /* Preview Content */,
			);
			name = Resources;
			sourceTree = "<group>";
		};
		78F6C877290F09C3002012DC /* App */ = {
			isa = PBXGroup;
			children = (
				78F6C868290F098E002012DC /* TricksyApp.swift */,
			);
			path = App;
			sourceTree = "<group>";
		};
		78F6C878290F09D2002012DC /* Modules */ = {
			isa = PBXGroup;
			children = (
				78F6C879290F0B15002012DC /* Treat */,
			);
			path = Modules;
			sourceTree = "<group>";
		};
		78F6C879290F0B15002012DC /* Treat */ = {
			isa = PBXGroup;
			children = (
				78F6C87C290F0B3E002012DC /* TreatView.swift */,
				78F6C87A290F0B24002012DC /* TreatViewModel.swift */,
			);
			path = Treat;
			sourceTree = "<group>";
		};
		78F6C87E290F0B6C002012DC /* Components */ = {
			isa = PBXGroup;
			children = (
				78F6C87F290F0B88002012DC /* UI */,
				78F6C88A290F13EE002012DC /* AV */,
			);
			path = Components;
			sourceTree = "<group>";
		};
		78F6C87F290F0B88002012DC /* UI */ = {
			isa = PBXGroup;
			children = (
				78F6C880290F0B9F002012DC /* ButtonComponents.swift */,
				78F6C882290F0BD5002012DC /* ColorComponents.swift */,
				78F6C888290F1281002012DC /* FontComponents.swift */,
			);
			path = UI;
			sourceTree = "<group>";
		};
		78F6C884290F11EA002012DC /* Fonts */ = {
			isa = PBXGroup;
			children = (
				78F6C885290F11F3002012DC /* Creepster-Regular.ttf */,
			);
			path = Fonts;
			sourceTree = "<group>";
		};
		78F6C88A290F13EE002012DC /* AV */ = {
			isa = PBXGroup;
			children = (
				78F6C88B290F13FC002012DC /* HapticsManager.swift */,
			);
			path = AV;
			sourceTree = "<group>";
		};
/* End PBXGroup section */

/* Begin PBXNativeTarget section */
		78F6C864290F098E002012DC /* Tricksy */ = {
			isa = PBXNativeTarget;
			buildConfigurationList = 78F6C873290F0990002012DC /* Build configuration list for PBXNativeTarget "Tricksy" */;
			buildPhases = (
				78F6C861290F098E002012DC /* Sources */,
				78F6C862290F098E002012DC /* Frameworks */,
				78F6C863290F098E002012DC /* Resources */,
			);
			buildRules = (
			);
			dependencies = (
			);
			name = Tricksy;
			productName = Tricksy;
			productReference = 78F6C865290F098E002012DC /* Tricksy.app */;
			productType = "com.apple.product-type.application";
		};
/* End PBXNativeTarget section */

/* Begin PBXProject section */
		78F6C85D290F098E002012DC /* Project object */ = {
			isa = PBXProject;
			attributes = {
				BuildIndependentTargetsInParallel = 1;
				LastSwiftUpdateCheck = 1400;
				LastUpgradeCheck = 1400;
				TargetAttributes = {
					78F6C864290F098E002012DC = {
						CreatedOnToolsVersion = 14.0;
					};
				};
			};
			buildConfigurationList = 78F6C860290F098E002012DC /* Build configuration list for PBXProject "Tricksy" */;
			compatibilityVersion = "Xcode 14.0";
			developmentRegion = en;
			hasScannedForEncodings = 0;
			knownRegions = (
				en,
				Base,
			);
			mainGroup = 78F6C85C290F098E002012DC;
			productRefGroup = 78F6C866290F098E002012DC /* Products */;
			projectDirPath = "";
			projectRoot = "";
			targets = (
				78F6C864290F098E002012DC /* Tricksy */,
			);
		};
/* End PBXProject section */

/* Begin PBXResourcesBuildPhase section */
		78F6C863290F098E002012DC /* Resources */ = {
			isa = PBXResourcesBuildPhase;
			buildActionMask = 2147483647;
			files = (
				78F6C870290F0990002012DC /* Preview Assets.xcassets in Resources */,
				78F6C86D290F0990002012DC /* Assets.xcassets in Resources */,
				78F6C886290F11F3002012DC /* Creepster-Regular.ttf in Resources */,
			);
			runOnlyForDeploymentPostprocessing = 0;
		};
/* End PBXResourcesBuildPhase section */

/* Begin PBXSourcesBuildPhase section */
		78F6C861290F098E002012DC /* Sources */ = {
			isa = PBXSourcesBuildPhase;
			buildActionMask = 2147483647;
			files = (
				78F6C889290F1281002012DC /* FontComponents.swift in Sources */,
				78F6C87B290F0B24002012DC /* TreatViewModel.swift in Sources */,
				78F6C88C290F13FC002012DC /* HapticsManager.swift in Sources */,
				78F6C87D290F0B3E002012DC /* TreatView.swift in Sources */,
				78F6C869290F098E002012DC /* TricksyApp.swift in Sources */,
				78F6C883290F0BD5002012DC /* ColorComponents.swift in Sources */,
				78F6C881290F0B9F002012DC /* ButtonComponents.swift in Sources */,
			);
			runOnlyForDeploymentPostprocessing = 0;
		};
/* End PBXSourcesBuildPhase section */

/* Begin XCBuildConfiguration section */
		78F6C871290F0990002012DC /* Debug */ = {
			isa = XCBuildConfiguration;
			buildSettings = {
				ALWAYS_SEARCH_USER_PATHS = NO;
				CLANG_ANALYZER_NONNULL = YES;
				CLANG_ANALYZER_NUMBER_OBJECT_CONVERSION = YES_AGGRESSIVE;
				CLANG_CXX_LANGUAGE_STANDARD = "gnu++20";
				CLANG_ENABLE_MODULES = YES;
				CLANG_ENABLE_OBJC_ARC = YES;
				CLANG_ENABLE_OBJC_WEAK = YES;
				CLANG_WARN_BLOCK_CAPTURE_AUTORELEASING = YES;
				CLANG_WARN_BOOL_CONVERSION = YES;
				CLANG_WARN_COMMA = YES;
				CLANG_WARN_CONSTANT_CONVERSION = YES;
				CLANG_WARN_DEPRECATED_OBJC_IMPLEMENTATIONS = YES;
				CLANG_WARN_DIRECT_OBJC_ISA_USAGE = YES_ERROR;
				CLANG_WARN_DOCUMENTATION_COMMENTS = YES;
				CLANG_WARN_EMPTY_BODY = YES;
				CLANG_WARN_ENUM_CONVERSION = YES;
				CLANG_WARN_INFINITE_RECURSION = YES;
				CLANG_WARN_INT_CONVERSION = YES;
				CLANG_WARN_NON_LITERAL_NULL_CONVERSION = YES;
				CLANG_WARN_OBJC_IMPLICIT_RETAIN_SELF = YES;
				CLANG_WARN_OBJC_LITERAL_CONVERSION = YES;
				CLANG_WARN_OBJC_ROOT_CLASS = YES_ERROR;
				CLANG_WARN_QUOTED_INCLUDE_IN_FRAMEWORK_HEADER = YES;
				CLANG_WARN_RANGE_LOOP_ANALYSIS = YES;
				CLANG_WARN_STRICT_PROTOTYPES = YES;
				CLANG_WARN_SUSPICIOUS_MOVE = YES;
				CLANG_WARN_UNGUARDED_AVAILABILITY = YES_AGGRESSIVE;
				CLANG_WARN_UNREACHABLE_CODE = YES;
				CLANG_WARN__DUPLICATE_METHOD_MATCH = YES;
				COPY_PHASE_STRIP = NO;
				DEBUG_INFORMATION_FORMAT = dwarf;
				ENABLE_STRICT_OBJC_MSGSEND = YES;
				ENABLE_TESTABILITY = YES;
				GCC_C_LANGUAGE_STANDARD = gnu11;
				GCC_DYNAMIC_NO_PIC = NO;
				GCC_NO_COMMON_BLOCKS = YES;
				GCC_OPTIMIZATION_LEVEL = 0;
				GCC_PREPROCESSOR_DEFINITIONS = (
					"DEBUG=1",
					"$(inherited)",
				);
				GCC_WARN_64_TO_32_BIT_CONVERSION = YES;
				GCC_WARN_ABOUT_RETURN_TYPE = YES_ERROR;
				GCC_WARN_UNDECLARED_SELECTOR = YES;
				GCC_WARN_UNINITIALIZED_AUTOS = YES_AGGRESSIVE;
				GCC_WARN_UNUSED_FUNCTION = YES;
				GCC_WARN_UNUSED_VARIABLE = YES;
				IPHONEOS_DEPLOYMENT_TARGET = 16.0;
				MTL_ENABLE_DEBUG_INFO = INCLUDE_SOURCE;
				MTL_FAST_MATH = YES;
				ONLY_ACTIVE_ARCH = YES;
				SDKROOT = iphoneos;
				SWIFT_ACTIVE_COMPILATION_CONDITIONS = DEBUG;
				SWIFT_OPTIMIZATION_LEVEL = "-Onone";
			};
			name = Debug;
		};
		78F6C872290F0990002012DC /* Release */ = {
			isa = XCBuildConfiguration;
			buildSettings = {
				ALWAYS_SEARCH_USER_PATHS = NO;
				CLANG_ANALYZER_NONNULL = YES;
				CLANG_ANALYZER_NUMBER_OBJECT_CONVERSION = YES_AGGRESSIVE;
				CLANG_CXX_LANGUAGE_STANDARD = "gnu++20";
				CLANG_ENABLE_MODULES = YES;
				CLANG_ENABLE_OBJC_ARC = YES;
				CLANG_ENABLE_OBJC_WEAK = YES;
				CLANG_WARN_BLOCK_CAPTURE_AUTORELEASING = YES;
				CLANG_WARN_BOOL_CONVERSION = YES;
				CLANG_WARN_COMMA = YES;
				CLANG_WARN_CONSTANT_CONVERSION = YES;
				CLANG_WARN_DEPRECATED_OBJC_IMPLEMENTATIONS = YES;
				CLANG_WARN_DIRECT_OBJC_ISA_USAGE = YES_ERROR;
				CLANG_WARN_DOCUMENTATION_COMMENTS = YES;
				CLANG_WARN_EMPTY_BODY = YES;
				CLANG_WARN_ENUM_CONVERSION = YES;
				CLANG_WARN_INFINITE_RECURSION = YES;
				CLANG_WARN_INT_CONVERSION = YES;
				CLANG_WARN_NON_LITERAL_NULL_CONVERSION = YES;
				CLANG_WARN_OBJC_IMPLICIT_RETAIN_SELF = YES;
				CLANG_WARN_OBJC_LITERAL_CONVERSION = YES;
				CLANG_WARN_OBJC_ROOT_CLASS = YES_ERROR;
				CLANG_WARN_QUOTED_INCLUDE_IN_FRAMEWORK_HEADER = YES;
				CLANG_WARN_RANGE_LOOP_ANALYSIS = YES;
				CLANG_WARN_STRICT_PROTOTYPES = YES;
				CLANG_WARN_SUSPICIOUS_MOVE = YES;
				CLANG_WARN_UNGUARDED_AVAILABILITY = YES_AGGRESSIVE;
				CLANG_WARN_UNREACHABLE_CODE = YES;
				CLANG_WARN__DUPLICATE_METHOD_MATCH = YES;
				COPY_PHASE_STRIP = NO;
				DEBUG_INFORMATION_FORMAT = "dwarf-with-dsym";
				ENABLE_NS_ASSERTIONS = NO;
				ENABLE_STRICT_OBJC_MSGSEND = YES;
				GCC_C_LANGUAGE_STANDARD = gnu11;
				GCC_NO_COMMON_BLOCKS = YES;
				GCC_WARN_64_TO_32_BIT_CONVERSION = YES;
				GCC_WARN_ABOUT_RETURN_TYPE = YES_ERROR;
				GCC_WARN_UNDECLARED_SELECTOR = YES;
				GCC_WARN_UNINITIALIZED_AUTOS = YES_AGGRESSIVE;
				GCC_WARN_UNUSED_FUNCTION = YES;
				GCC_WARN_UNUSED_VARIABLE = YES;
				IPHONEOS_DEPLOYMENT_TARGET = 16.0;
				MTL_ENABLE_DEBUG_INFO = NO;
				MTL_FAST_MATH = YES;
				SDKROOT = iphoneos;
				SWIFT_COMPILATION_MODE = wholemodule;
				SWIFT_OPTIMIZATION_LEVEL = "-O";
				VALIDATE_PRODUCT = YES;
			};
			name = Release;
		};
		78F6C874290F0990002012DC /* Debug */ = {
			isa = XCBuildConfiguration;
			buildSettings = {
				ASSETCATALOG_COMPILER_APPICON_NAME = AppIcon;
				ASSETCATALOG_COMPILER_GLOBAL_ACCENT_COLOR_NAME = AccentColor;
				CODE_SIGN_STYLE = Automatic;
				CURRENT_PROJECT_VERSION = 1;
				DEVELOPMENT_ASSET_PATHS = "\"Tricksy/Preview Content\"";
				DEVELOPMENT_TEAM = MJA8334VZT;
				ENABLE_PREVIEWS = YES;
				GENERATE_INFOPLIST_FILE = YES;
				INFOPLIST_FILE = Tricksy/Info.plist;
				INFOPLIST_KEY_UIApplicationSceneManifest_Generation = YES;
				INFOPLIST_KEY_UIApplicationSupportsIndirectInputEvents = YES;
				INFOPLIST_KEY_UILaunchScreen_Generation = YES;
				INFOPLIST_KEY_UISupportedInterfaceOrientations = UIInterfaceOrientationPortrait;
				INFOPLIST_KEY_UISupportedInterfaceOrientations_iPad = "UIInterfaceOrientationLandscapeLeft UIInterfaceOrientationLandscapeRight UIInterfaceOrientationPortrait UIInterfaceOrientationPortraitUpsideDown";
				LD_RUNPATH_SEARCH_PATHS = (
					"$(inherited)",
					"@executable_path/Frameworks",
				);
				MARKETING_VERSION = 1.0;
				PRODUCT_BUNDLE_IDENTIFIER = com.zigamajig.Tricksy;
				PRODUCT_NAME = "$(TARGET_NAME)";
				SUPPORTED_PLATFORMS = "iphoneos iphonesimulator";
				SUPPORTS_MACCATALYST = NO;
				SUPPORTS_MAC_DESIGNED_FOR_IPHONE_IPAD = NO;
				SWIFT_EMIT_LOC_STRINGS = YES;
				SWIFT_VERSION = 5.0;
				TARGETED_DEVICE_FAMILY = 1;
			};
			name = Debug;
		};
		78F6C875290F0990002012DC /* Release */ = {
			isa = XCBuildConfiguration;
			buildSettings = {
				ASSETCATALOG_COMPILER_APPICON_NAME = AppIcon;
				ASSETCATALOG_COMPILER_GLOBAL_ACCENT_COLOR_NAME = AccentColor;
				CODE_SIGN_STYLE = Automatic;
				CURRENT_PROJECT_VERSION = 1;
				DEVELOPMENT_ASSET_PATHS = "\"Tricksy/Preview Content\"";
				DEVELOPMENT_TEAM = MJA8334VZT;
				ENABLE_PREVIEWS = YES;
				GENERATE_INFOPLIST_FILE = YES;
				INFOPLIST_FILE = Tricksy/Info.plist;
				INFOPLIST_KEY_UIApplicationSceneManifest_Generation = YES;
				INFOPLIST_KEY_UIApplicationSupportsIndirectInputEvents = YES;
				INFOPLIST_KEY_UILaunchScreen_Generation = YES;
				INFOPLIST_KEY_UISupportedInterfaceOrientations = UIInterfaceOrientationPortrait;
				INFOPLIST_KEY_UISupportedInterfaceOrientations_iPad = "UIInterfaceOrientationLandscapeLeft UIInterfaceOrientationLandscapeRight UIInterfaceOrientationPortrait UIInterfaceOrientationPortraitUpsideDown";
				LD_RUNPATH_SEARCH_PATHS = (
					"$(inherited)",
					"@executable_path/Frameworks",
				);
				MARKETING_VERSION = 1.0;
				PRODUCT_BUNDLE_IDENTIFIER = com.zigamajig.Tricksy;
				PRODUCT_NAME = "$(TARGET_NAME)";
				SUPPORTED_PLATFORMS = "iphoneos iphonesimulator";
				SUPPORTS_MACCATALYST = NO;
				SUPPORTS_MAC_DESIGNED_FOR_IPHONE_IPAD = NO;
				SWIFT_EMIT_LOC_STRINGS = YES;
				SWIFT_VERSION = 5.0;
				TARGETED_DEVICE_FAMILY = 1;
			};
			name = Release;
		};
/* End XCBuildConfiguration section */

/* Begin XCConfigurationList section */
		78F6C860290F098E002012DC /* Build configuration list for PBXProject "Tricksy" */ = {
			isa = XCConfigurationList;
			buildConfigurations = (
				78F6C871290F0990002012DC /* Debug */,
				78F6C872290F0990002012DC /* Release */,
			);
			defaultConfigurationIsVisible = 0;
			defaultConfigurationName = Release;
		};
		78F6C873290F0990002012DC /* Build configuration list for PBXNativeTarget "Tricksy" */ = {
			isa = XCConfigurationList;
			buildConfigurations = (
				78F6C874290F0990002012DC /* Debug */,
				78F6C875290F0990002012DC /* Release */,
			);
			defaultConfigurationIsVisible = 0;
			defaultConfigurationName = Release;
		};
/* End XCConfigurationList section */
	};
	rootObject = 78F6C85D290F098E002012DC /* Project object */;
}
